
Microsoft Visual Studio Solution File, Format Version 12.00
# Visual Studio Version 16
VisualStudioVersion = 16.0.29926.136
MinimumVisualStudioVersion = 10.0.40219.1
Project("{FAE04EC0-301F-11D3-BF4B-00C04F79EFBC}") = "WebApplication1", "WebApplication1.csproj", "{B6647559-7683-497C-8C1B-87666F255A13}"
EndProject
Global
	GlobalSection(SolutionConfigurationPlatforms) = preSolution
		Debug|Any CPU = Debug|Any CPU
		Release|Any CPU = Release|Any CPU
	EndGlobalSection
	GlobalSection(ProjectConfigurationPlatforms) = postSolution
		{B6647559-7683-497C-8C1B-87666F255A13}.Debug|Any CPU.ActiveCfg = Debug|Any CPU
		{B6647559-7683-497C-8C1B-87666F255A13}.Debug|Any CPU.Build.0 = Debug|Any CPU
		{B6647559-7683-497C-8C1B-87666F255A13}.Release|Any CPU.ActiveCfg = Release|Any CPU
		{B6647559-7683-497C-8C1B-87666F255A13}.Release|Any CPU.Build.0 = Release|Any CPU
	EndGlobalSection
	GlobalSection(SolutionProperties) = preSolution
		HideSolutionNode = FALSE
	EndGlobalSection
	GlobalSection(ExtensibilityGlobals) = postSolution
		SolutionGuid = {A32EE7B6-4288-4E3D-BCC1-7C14A3C589DD}
	EndGlobalSection
EndGlobal
